
Microsoft Visual Studio Solution File, Format Version 12.00
# Visual Studio Version 17
VisualStudioVersion = 17.0.31815.197
MinimumVisualStudioVersion = 10.0.40219.1
Project("{FAE04EC0-301F-11D3-BF4B-00C04F79EFBC}") = "JoyAssetBuilder", "JoyAssetBuilder\JoyAssetBuilder.csproj", "{2263DCA1-D3D7-464F-AC94-5604BB8987BC}"
EndProject
Project("{8BC9CEB8-8B4A-11D0-8D11-00A0C91BC942}") = "JoyShaderBuilderLib", "JoyShaderBuilderLib\JoyShaderBuilderLib.vcxproj", "{E01E4D59-63F8-4833-A479-64F8BCE63AB0}"
EndProject
Project("{FAE04EC0-301F-11D3-BF4B-00C04F79EFBC}") = "JoyShaderBuilderConsole", "JoyShaderBuilderConsole\JoyShaderBuilderConsole.csproj", "{ECC48237-A7EE-4AC1-83A5-CA693E6DA28E}"
EndProject
Global
	GlobalSection(SolutionConfigurationPlatforms) = preSolution
		Debug|Any CPU = Debug|Any CPU
		Debug|x64 = Debug|x64
		Debug|x86 = Debug|x86
		Release|Any CPU = Release|Any CPU
		Release|x64 = Release|x64
		Release|x86 = Release|x86
	EndGlobalSection
	GlobalSection(ProjectConfigurationPlatforms) = postSolution
		{2263DCA1-D3D7-464F-AC94-5604BB8987BC}.Debug|Any CPU.ActiveCfg = Debug|Any CPU
		{2263DCA1-D3D7-464F-AC94-5604BB8987BC}.Debug|Any CPU.Build.0 = Debug|Any CPU
		{2263DCA1-D3D7-464F-AC94-5604BB8987BC}.Debug|x64.ActiveCfg = Debug|Any CPU
		{2263DCA1-D3D7-464F-AC94-5604BB8987BC}.Debug|x64.Build.0 = Debug|Any CPU
		{2263DCA1-D3D7-464F-AC94-5604BB8987BC}.Debug|x86.ActiveCfg = Debug|Any CPU
		{2263DCA1-D3D7-464F-AC94-5604BB8987BC}.Debug|x86.Build.0 = Debug|Any CPU
		{2263DCA1-D3D7-464F-AC94-5604BB8987BC}.Release|Any CPU.ActiveCfg = Release|Any CPU
		{2263DCA1-D3D7-464F-AC94-5604BB8987BC}.Release|Any CPU.Build.0 = Release|Any CPU
		{2263DCA1-D3D7-464F-AC94-5604BB8987BC}.Release|x64.ActiveCfg = Release|Any CPU
		{2263DCA1-D3D7-464F-AC94-5604BB8987BC}.Release|x64.Build.0 = Release|Any CPU
		{2263DCA1-D3D7-464F-AC94-5604BB8987BC}.Release|x86.ActiveCfg = Release|Any CPU
		{2263DCA1-D3D7-464F-AC94-5604BB8987BC}.Release|x86.Build.0 = Release|Any CPU
		{E01E4D59-63F8-4833-A479-64F8BCE63AB0}.Debug|Any CPU.ActiveCfg = Debug|x64
		{E01E4D59-63F8-4833-A479-64F8BCE63AB0}.Debug|Any CPU.Build.0 = Debug|x64
		{E01E4D59-63F8-4833-A479-64F8BCE63AB0}.Debug|x64.ActiveCfg = Debug|x64
		{E01E4D59-63F8-4833-A479-64F8BCE63AB0}.Debug|x64.Build.0 = Debug|x64
		{E01E4D59-63F8-4833-A479-64F8BCE63AB0}.Debug|x86.ActiveCfg = Debug|Win32
		{E01E4D59-63F8-4833-A479-64F8BCE63AB0}.Debug|x86.Build.0 = Debug|Win32
		{E01E4D59-63F8-4833-A479-64F8BCE63AB0}.Release|Any CPU.ActiveCfg = Release|x64
		{E01E4D59-63F8-4833-A479-64F8BCE63AB0}.Release|Any CPU.Build.0 = Release|x64
		{E01E4D59-63F8-4833-A479-64F8BCE63AB0}.Release|x64.ActiveCfg = Release|x64
		{E01E4D59-63F8-4833-A479-64F8BCE63AB0}.Release|x64.Build.0 = Release|x64
		{E01E4D59-63F8-4833-A479-64F8BCE63AB0}.Release|x86.ActiveCfg = Release|Win32
		{E01E4D59-63F8-4833-A479-64F8BCE63AB0}.Release|x86.Build.0 = Release|Win32
		{ECC48237-A7EE-4AC1-83A5-CA693E6DA28E}.Debug|Any CPU.ActiveCfg = Debug|Any CPU
		{ECC48237-A7EE-4AC1-83A5-CA693E6DA28E}.Debug|Any CPU.Build.0 = Debug|Any CPU
		{ECC48237-A7EE-4AC1-83A5-CA693E6DA28E}.Debug|x64.ActiveCfg = Debug|Any CPU
		{ECC48237-A7EE-4AC1-83A5-CA693E6DA28E}.Debug|x64.Build.0 = Debug|Any CPU
		{ECC48237-A7EE-4AC1-83A5-CA693E6DA28E}.Debug|x86.ActiveCfg = Debug|Any CPU
		{ECC48237-A7EE-4AC1-83A5-CA693E6DA28E}.Debug|x86.Build.0 = Debug|Any CPU
		{ECC48237-A7EE-4AC1-83A5-CA693E6DA28E}.Release|Any CPU.ActiveCfg = Release|Any CPU
		{ECC48237-A7EE-4AC1-83A5-CA693E6DA28E}.Release|Any CPU.Build.0 = Release|Any CPU
		{ECC48237-A7EE-4AC1-83A5-CA693E6DA28E}.Release|x64.ActiveCfg = Release|Any CPU
		{ECC48237-A7EE-4AC1-83A5-CA693E6DA28E}.Release|x64.Build.0 = Release|Any CPU
		{ECC48237-A7EE-4AC1-83A5-CA693E6DA28E}.Release|x86.ActiveCfg = Release|Any CPU
		{ECC48237-A7EE-4AC1-83A5-CA693E6DA28E}.Release|x86.Build.0 = Release|Any CPU
	EndGlobalSection
	GlobalSection(SolutionProperties) = preSolution
		HideSolutionNode = FALSE
	EndGlobalSection
	GlobalSection(ExtensibilityGlobals) = postSolution
		SolutionGuid = {94693018-4114-4AE8-9F2A-451719346C4F}
	EndGlobalSection
EndGlobal
